
Microsoft Visual Studio Solution File, Format Version 12.00
# Visual Studio Version 17
VisualStudioVersion = 17.6.33723.286
MinimumVisualStudioVersion = 10.0.40219.1
Project("{8BC9CEB8-8B4A-11D0-8D11-00A0C91BC942}") = "0067_CheckPassword", "0067_CheckPassword.vcxproj", "{BCCCB6A5-DBD2-4492-ACC5-4B6C8B0A1E77}"
EndProject
Global
	GlobalSection(SolutionConfigurationPlatforms) = preSolution
		Debug|x64 = Debug|x64
		Debug|x86 = Debug|x86
		Release|x64 = Release|x64
		Release|x86 = Release|x86
	EndGlobalSection
	GlobalSection(ProjectConfigurationPlatforms) = postSolution
		{BCCCB6A5-DBD2-4492-ACC5-4B6C8B0A1E77}.Debug|x64.ActiveCfg = Debug|x64
		{BCCCB6A5-DBD2-4492-ACC5-4B6C8B0A1E77}.Debug|x64.Build.0 = Debug|x64
		{BCCCB6A5-DBD2-4492-ACC5-4B6C8B0A1E77}.Debug|x86.ActiveCfg = Debug|Win32
		{BCCCB6A5-DBD2-4492-ACC5-4B6C8B0A1E77}.Debug|x86.Build.0 = Debug|Win32
		{BCCCB6A5-DBD2-4492-ACC5-4B6C8B0A1E77}.Release|x64.ActiveCfg = Release|x64
		{BCCCB6A5-DBD2-4492-ACC5-4B6C8B0A1E77}.Release|x64.Build.0 = Release|x64
		{BCCCB6A5-DBD2-4492-ACC5-4B6C8B0A1E77}.Release|x86.ActiveCfg = Release|Win32
		{BCCCB6A5-DBD2-4492-ACC5-4B6C8B0A1E77}.Release|x86.Build.0 = Release|Win32
	EndGlobalSection
	GlobalSection(SolutionProperties) = preSolution
		HideSolutionNode = FALSE
	EndGlobalSection
	GlobalSection(ExtensibilityGlobals) = postSolution
		SolutionGuid = {9A3A09A8-F25D-420A-8A43-9480EDDAAD04}
	EndGlobalSection
EndGlobal
