
Microsoft Visual Studio Solution File, Format Version 12.00
# Visual Studio Version 17
VisualStudioVersion = 17.6.33723.286
MinimumVisualStudioVersion = 10.0.40219.1
Project("{8BC9CEB8-8B4A-11D0-8D11-00A0C91BC942}") = "0079_FixedLenghtRecordOfFile", "0079_FixedLenghtRecordOfFile.vcxproj", "{41317C06-432B-4F24-A4F1-99418FAA3B4F}"
EndProject
Global
	GlobalSection(SolutionConfigurationPlatforms) = preSolution
		Debug|x64 = Debug|x64
		Debug|x86 = Debug|x86
		Release|x64 = Release|x64
		Release|x86 = Release|x86
	EndGlobalSection
	GlobalSection(ProjectConfigurationPlatforms) = postSolution
		{41317C06-432B-4F24-A4F1-99418FAA3B4F}.Debug|x64.ActiveCfg = Debug|x64
		{41317C06-432B-4F24-A4F1-99418FAA3B4F}.Debug|x64.Build.0 = Debug|x64
		{41317C06-432B-4F24-A4F1-99418FAA3B4F}.Debug|x86.ActiveCfg = Debug|Win32
		{41317C06-432B-4F24-A4F1-99418FAA3B4F}.Debug|x86.Build.0 = Debug|Win32
		{41317C06-432B-4F24-A4F1-99418FAA3B4F}.Release|x64.ActiveCfg = Release|x64
		{41317C06-432B-4F24-A4F1-99418FAA3B4F}.Release|x64.Build.0 = Release|x64
		{41317C06-432B-4F24-A4F1-99418FAA3B4F}.Release|x86.ActiveCfg = Release|Win32
		{41317C06-432B-4F24-A4F1-99418FAA3B4F}.Release|x86.Build.0 = Release|Win32
	EndGlobalSection
	GlobalSection(SolutionProperties) = preSolution
		HideSolutionNode = FALSE
	EndGlobalSection
	GlobalSection(ExtensibilityGlobals) = postSolution
		SolutionGuid = {D2175F0D-CE59-43B5-9AB0-172855A50E8C}
	EndGlobalSection
EndGlobal
