
Microsoft Visual Studio Solution File, Format Version 12.00
# Visual Studio Version 17
VisualStudioVersion = 17.6.33723.286
MinimumVisualStudioVersion = 10.0.40219.1
Project("{FAE04EC0-301F-11D3-BF4B-00C04F79EFBC}") = "CreatingNewFile", "CreatingNewFile\CreatingNewFile.csproj", "{717986B2-D64D-4AF3-ADE5-153FC6921293}"
EndProject
Global
	GlobalSection(SolutionConfigurationPlatforms) = preSolution
		Debug|Any CPU = Debug|Any CPU
		Release|Any CPU = Release|Any CPU
	EndGlobalSection
	GlobalSection(ProjectConfigurationPlatforms) = postSolution
		{717986B2-D64D-4AF3-ADE5-153FC6921293}.Debug|Any CPU.ActiveCfg = Debug|Any CPU
		{717986B2-D64D-4AF3-ADE5-153FC6921293}.Debug|Any CPU.Build.0 = Debug|Any CPU
		{717986B2-D64D-4AF3-ADE5-153FC6921293}.Release|Any CPU.ActiveCfg = Release|Any CPU
		{717986B2-D64D-4AF3-ADE5-153FC6921293}.Release|Any CPU.Build.0 = Release|Any CPU
	EndGlobalSection
	GlobalSection(SolutionProperties) = preSolution
		HideSolutionNode = FALSE
	EndGlobalSection
	GlobalSection(ExtensibilityGlobals) = postSolution
		SolutionGuid = {C1F95CEE-54F9-450E-936D-52183420047B}
	EndGlobalSection
EndGlobal
