
Microsoft Visual Studio Solution File, Format Version 12.00
# Visual Studio Version 17
VisualStudioVersion = 17.10.34928.147
MinimumVisualStudioVersion = 10.0.40219.1
Project("{8BC9CEB8-8B4A-11D0-8D11-00A0C91BC942}") = "005_OddOrEven", "005_OddOrEven.vcxproj", "{58010CE1-3FF1-4C08-AA3B-9436BE5D146B}"
EndProject
Global
	GlobalSection(SolutionConfigurationPlatforms) = preSolution
		Debug|x64 = Debug|x64
		Debug|x86 = Debug|x86
		Release|x64 = Release|x64
		Release|x86 = Release|x86
	EndGlobalSection
	GlobalSection(ProjectConfigurationPlatforms) = postSolution
		{58010CE1-3FF1-4C08-AA3B-9436BE5D146B}.Debug|x64.ActiveCfg = Debug|x64
		{58010CE1-3FF1-4C08-AA3B-9436BE5D146B}.Debug|x64.Build.0 = Debug|x64
		{58010CE1-3FF1-4C08-AA3B-9436BE5D146B}.Debug|x86.ActiveCfg = Debug|Win32
		{58010CE1-3FF1-4C08-AA3B-9436BE5D146B}.Debug|x86.Build.0 = Debug|Win32
		{58010CE1-3FF1-4C08-AA3B-9436BE5D146B}.Release|x64.ActiveCfg = Release|x64
		{58010CE1-3FF1-4C08-AA3B-9436BE5D146B}.Release|x64.Build.0 = Release|x64
		{58010CE1-3FF1-4C08-AA3B-9436BE5D146B}.Release|x86.ActiveCfg = Release|Win32
		{58010CE1-3FF1-4C08-AA3B-9436BE5D146B}.Release|x86.Build.0 = Release|Win32
	EndGlobalSection
	GlobalSection(SolutionProperties) = preSolution
		HideSolutionNode = FALSE
	EndGlobalSection
	GlobalSection(ExtensibilityGlobals) = postSolution
		SolutionGuid = {1C36AF5A-2604-4B4E-83D6-E732EF93870B}
	EndGlobalSection
EndGlobal
