
Microsoft Visual Studio Solution File, Format Version 12.00
# Visual Studio Version 17
VisualStudioVersion = 17.6.33723.286
MinimumVisualStudioVersion = 10.0.40219.1
Project("{FAE04EC0-301F-11D3-BF4B-00C04F79EFBC}") = "FindAllUserAccounWin", "FindAllUserAccounWin\FindAllUserAccounWin.csproj", "{278ACF86-717C-44BB-A5F5-DF870B02A65A}"
EndProject
Global
	GlobalSection(SolutionConfigurationPlatforms) = preSolution
		Debug|Any CPU = Debug|Any CPU
		Release|Any CPU = Release|Any CPU
	EndGlobalSection
	GlobalSection(ProjectConfigurationPlatforms) = postSolution
		{278ACF86-717C-44BB-A5F5-DF870B02A65A}.Debug|Any CPU.ActiveCfg = Debug|Any CPU
		{278ACF86-717C-44BB-A5F5-DF870B02A65A}.Debug|Any CPU.Build.0 = Debug|Any CPU
		{278ACF86-717C-44BB-A5F5-DF870B02A65A}.Release|Any CPU.ActiveCfg = Release|Any CPU
		{278ACF86-717C-44BB-A5F5-DF870B02A65A}.Release|Any CPU.Build.0 = Release|Any CPU
	EndGlobalSection
	GlobalSection(SolutionProperties) = preSolution
		HideSolutionNode = FALSE
	EndGlobalSection
	GlobalSection(ExtensibilityGlobals) = postSolution
		SolutionGuid = {2B7FB9C2-5762-4AC7-B158-A954E9BC7301}
	EndGlobalSection
EndGlobal
