
Microsoft Visual Studio Solution File, Format Version 12.00
# Visual Studio Version 17
VisualStudioVersion = 17.6.33723.286
MinimumVisualStudioVersion = 10.0.40219.1
Project("{8BC9CEB8-8B4A-11D0-8D11-00A0C91BC942}") = "ReadBallsWithTheirSize", "ReadBallsWithTheirSize.vcxproj", "{AACEDC15-1514-4496-9CEF-8EC21C06EBF7}"
EndProject
Global
	GlobalSection(SolutionConfigurationPlatforms) = preSolution
		Debug|x64 = Debug|x64
		Debug|x86 = Debug|x86
		Release|x64 = Release|x64
		Release|x86 = Release|x86
	EndGlobalSection
	GlobalSection(ProjectConfigurationPlatforms) = postSolution
		{AACEDC15-1514-4496-9CEF-8EC21C06EBF7}.Debug|x64.ActiveCfg = Debug|x64
		{AACEDC15-1514-4496-9CEF-8EC21C06EBF7}.Debug|x64.Build.0 = Debug|x64
		{AACEDC15-1514-4496-9CEF-8EC21C06EBF7}.Debug|x86.ActiveCfg = Debug|Win32
		{AACEDC15-1514-4496-9CEF-8EC21C06EBF7}.Debug|x86.Build.0 = Debug|Win32
		{AACEDC15-1514-4496-9CEF-8EC21C06EBF7}.Release|x64.ActiveCfg = Release|x64
		{AACEDC15-1514-4496-9CEF-8EC21C06EBF7}.Release|x64.Build.0 = Release|x64
		{AACEDC15-1514-4496-9CEF-8EC21C06EBF7}.Release|x86.ActiveCfg = Release|Win32
		{AACEDC15-1514-4496-9CEF-8EC21C06EBF7}.Release|x86.Build.0 = Release|Win32
	EndGlobalSection
	GlobalSection(SolutionProperties) = preSolution
		HideSolutionNode = FALSE
	EndGlobalSection
	GlobalSection(ExtensibilityGlobals) = postSolution
		SolutionGuid = {860FC1E4-76CF-47CC-991B-45C4E3FEF8AD}
	EndGlobalSection
EndGlobal
