
Microsoft Visual Studio Solution File, Format Version 12.00
# Visual Studio Version 17
VisualStudioVersion = 17.6.33723.286
MinimumVisualStudioVersion = 10.0.40219.1
Project("{8BC9CEB8-8B4A-11D0-8D11-00A0C91BC942}") = "0010_DivideTwoNumbers", "0010_DivideTwoNumbers.vcxproj", "{AF45A042-5E86-4409-B9C7-C0F9E4F725B9}"
EndProject
Global
	GlobalSection(SolutionConfigurationPlatforms) = preSolution
		Debug|x64 = Debug|x64
		Debug|x86 = Debug|x86
		Release|x64 = Release|x64
		Release|x86 = Release|x86
	EndGlobalSection
	GlobalSection(ProjectConfigurationPlatforms) = postSolution
		{AF45A042-5E86-4409-B9C7-C0F9E4F725B9}.Debug|x64.ActiveCfg = Debug|x64
		{AF45A042-5E86-4409-B9C7-C0F9E4F725B9}.Debug|x64.Build.0 = Debug|x64
		{AF45A042-5E86-4409-B9C7-C0F9E4F725B9}.Debug|x86.ActiveCfg = Debug|Win32
		{AF45A042-5E86-4409-B9C7-C0F9E4F725B9}.Debug|x86.Build.0 = Debug|Win32
		{AF45A042-5E86-4409-B9C7-C0F9E4F725B9}.Release|x64.ActiveCfg = Release|x64
		{AF45A042-5E86-4409-B9C7-C0F9E4F725B9}.Release|x64.Build.0 = Release|x64
		{AF45A042-5E86-4409-B9C7-C0F9E4F725B9}.Release|x86.ActiveCfg = Release|Win32
		{AF45A042-5E86-4409-B9C7-C0F9E4F725B9}.Release|x86.Build.0 = Release|Win32
	EndGlobalSection
	GlobalSection(SolutionProperties) = preSolution
		HideSolutionNode = FALSE
	EndGlobalSection
	GlobalSection(ExtensibilityGlobals) = postSolution
		SolutionGuid = {6769CD44-7380-4090-853A-C3E59ECE910A}
	EndGlobalSection
EndGlobal
